
Microsoft Visual Studio Solution File, Format Version 12.00
# Visual Studio Version 17
VisualStudioVersion = 17.13.35828.75 d17.13
MinimumVisualStudioVersion = 10.0.40219.1
Project("{FAE04EC0-301F-11D3-BF4B-00C04F79EFBC}") = "PokeMCP", "PokeMCP\PokeMCP.csproj", "{E26A4128-D64F-4B79-A9E3-8D575A853D12}"
EndProject
Global
	GlobalSection(SolutionConfigurationPlatforms) = preSolution
		Debug|Any CPU = Debug|Any CPU
		Release|Any CPU = Release|Any CPU
	EndGlobalSection
	GlobalSection(ProjectConfigurationPlatforms) = postSolution
		{E26A4128-D64F-4B79-A9E3-8D575A853D12}.Debug|Any CPU.ActiveCfg = Debug|Any CPU
		{E26A4128-D64F-4B79-A9E3-8D575A853D12}.Debug|Any CPU.Build.0 = Debug|Any CPU
		{E26A4128-D64F-4B79-A9E3-8D575A853D12}.Release|Any CPU.ActiveCfg = Release|Any CPU
		{E26A4128-D64F-4B79-A9E3-8D575A853D12}.Release|Any CPU.Build.0 = Release|Any CPU
	EndGlobalSection
	GlobalSection(SolutionProperties) = preSolution
		HideSolutionNode = FALSE
	EndGlobalSection
	GlobalSection(ExtensibilityGlobals) = postSolution
		SolutionGuid = {CDCF2D87-E005-4634-8044-A28DA1B2502A}
	EndGlobalSection
EndGlobal
